
Microsoft Visual Studio Solution File, Format Version 12.00
# Visual Studio Version 17
VisualStudioVersion = 17.13.35818.85
MinimumVisualStudioVersion = 10.0.40219.1
Project("{FAE04EC0-301F-11D3-BF4B-00C04F79EFBC}") = "Lab1", "Lab1\Lab1.csproj", "{92654A67-C33A-4F27-8D8B-08D051695FCC}"
EndProject
Project("{FAE04EC0-301F-11D3-BF4B-00C04F79EFBC}") = "Lab2", "Lab2\Lab2.csproj", "{2CB6FA80-9173-42E9-8300-2F75B4FEFD14}"
EndProject
Global
	GlobalSection(SolutionConfigurationPlatforms) = preSolution
		Debug|Any CPU = Debug|Any CPU
		Release|Any CPU = Release|Any CPU
	EndGlobalSection
	GlobalSection(ProjectConfigurationPlatforms) = postSolution
		{92654A67-C33A-4F27-8D8B-08D051695FCC}.Debug|Any CPU.ActiveCfg = Debug|Any CPU
		{92654A67-C33A-4F27-8D8B-08D051695FCC}.Debug|Any CPU.Build.0 = Debug|Any CPU
		{92654A67-C33A-4F27-8D8B-08D051695FCC}.Release|Any CPU.ActiveCfg = Release|Any CPU
		{92654A67-C33A-4F27-8D8B-08D051695FCC}.Release|Any CPU.Build.0 = Release|Any CPU
		{2CB6FA80-9173-42E9-8300-2F75B4FEFD14}.Debug|Any CPU.ActiveCfg = Debug|Any CPU
		{2CB6FA80-9173-42E9-8300-2F75B4FEFD14}.Debug|Any CPU.Build.0 = Debug|Any CPU
		{2CB6FA80-9173-42E9-8300-2F75B4FEFD14}.Release|Any CPU.ActiveCfg = Release|Any CPU
		{2CB6FA80-9173-42E9-8300-2F75B4FEFD14}.Release|Any CPU.Build.0 = Release|Any CPU
	EndGlobalSection
	GlobalSection(SolutionProperties) = preSolution
		HideSolutionNode = FALSE
	EndGlobalSection
	GlobalSection(ExtensibilityGlobals) = postSolution
		SolutionGuid = {8AA83037-C5B9-4441-9DBB-BA8C005210F4}
	EndGlobalSection
EndGlobal
